
Microsoft Visual Studio Solution File, Format Version 11.00
# Visual Studio Version 16
VisualStudioVersion = 16.0.35325.158
MinimumVisualStudioVersion = 10.0.40219.1
Project("{8BC9CEB8-8B4A-11D0-8D11-00A0C91BC942}") = "SFXWin", "SFXWin.vcxproj", "{EE109059-057B-4435-B143-B103358E0487}"
EndProject
Global
	GlobalSection(SolutionConfigurationPlatforms) = preSolution
		Debug|x86 = Debug|x86
		Release|x86 = Release|x86
		ReleaseD|x86 = ReleaseD|x86
	EndGlobalSection
	GlobalSection(ProjectConfigurationPlatforms) = postSolution
		{EE109059-057B-4435-B143-B103358E0487}.Debug|x86.ActiveCfg = Debug|Win32
		{EE109059-057B-4435-B143-B103358E0487}.Debug|x86.Build.0 = Debug|Win32
		{EE109059-057B-4435-B143-B103358E0487}.Release|x86.ActiveCfg = Release|Win32
		{EE109059-057B-4435-B143-B103358E0487}.Release|x86.Build.0 = Release|Win32
		{EE109059-057B-4435-B143-B103358E0487}.ReleaseD|x86.ActiveCfg = ReleaseD|Win32
		{EE109059-057B-4435-B143-B103358E0487}.ReleaseD|x86.Build.0 = ReleaseD|Win32
	EndGlobalSection
	GlobalSection(SolutionProperties) = preSolution
		HideSolutionNode = FALSE
	EndGlobalSection
	GlobalSection(ExtensibilityGlobals) = postSolution
		SolutionGuid = {BFD436F6-BDE8-4AB0-AA5E-D71CF894F662}
	EndGlobalSection
EndGlobal
